// !$*UTF8*$!
{
	archiveVersion = 1;
	classes = {
	};
	objectVersion = 55;
	objects = {

/* Begin PBXBuildFile section */
		189A797126BA837500FBB788 /* AppDelegate.swift in Sources */ = {isa = PBXBuildFile; fileRef = 189A797026BA837500FBB788 /* AppDelegate.swift */; };
		189A797326BA837500FBB788 /* ViewController.swift in Sources */ = {isa = PBXBuildFile; fileRef = 189A797226BA837500FBB788 /* ViewController.swift */; };
		189A797826BA837500FBB788 /* Main.storyboard in Resources */ = {isa = PBXBuildFile; fileRef = 189A797626BA837500FBB788 /* Main.storyboard */; };
		189A797A26BA837700FBB788 /* Assets.xcassets in Resources */ = {isa = PBXBuildFile; fileRef = 189A797926BA837700FBB788 /* Assets.xcassets */; };
		189A797D26BA837700FBB788 /* LaunchScreen.storyboard in Resources */ = {isa = PBXBuildFile; fileRef = 189A797B26BA837700FBB788 /* LaunchScreen.storyboard */; };
		189A798726BA837700FBB788 /* ARMoveAndMatchTests.swift in Sources */ = {isa = PBXBuildFile; fileRef = 189A798626BA837700FBB788 /* ARMoveAndMatchTests.swift */; };
		189A799126BA837700FBB788 /* ARMoveAndMatchUITests.swift in Sources */ = {isa = PBXBuildFile; fileRef = 189A799026BA837700FBB788 /* ARMoveAndMatchUITests.swift */; };
		189A799E26BA85BF00FBB788 /* Experience.rcproject in Sources */ = {isa = PBXBuildFile; fileRef = 189A799D26BA85BF00FBB788 /* Experience.rcproject */; };
		189A79A526BA865F00FBB788 /* Utilities.swift in Sources */ = {isa = PBXBuildFile; fileRef = 189A79A026BA865F00FBB788 /* Utilities.swift */; };
		189A79A626BA865F00FBB788 /* FocusSquare+FocusSquareSegment.swift in Sources */ = {isa = PBXBuildFile; fileRef = 189A79A126BA865F00FBB788 /* FocusSquare+FocusSquareSegment.swift */; };
		189A79A726BA865F00FBB788 /* FocusSquare Readme.md in Resources */ = {isa = PBXBuildFile; fileRef = 189A79A226BA865F00FBB788 /* FocusSquare Readme.md */; };
		189A79A926BA865F00FBB788 /* FocusSquare.swift in Sources */ = {isa = PBXBuildFile; fileRef = 189A79A426BA865F00FBB788 /* FocusSquare.swift */; };
/* End PBXBuildFile section */

/* Begin PBXContainerItemProxy section */
		189A798326BA837700FBB788 /* PBXContainerItemProxy */ = {
			isa = PBXContainerItemProxy;
			containerPortal = 189A796526BA837500FBB788 /* Project object */;
			proxyType = 1;
			remoteGlobalIDString = 189A796C26BA837500FBB788;
			remoteInfo = ARMoveAndMatch;
		};
		189A798D26BA837700FBB788 /* PBXContainerItemProxy */ = {
			isa = PBXContainerItemProxy;
			containerPortal = 189A796526BA837500FBB788 /* Project object */;
			proxyType = 1;
			remoteGlobalIDString = 189A796C26BA837500FBB788;
			remoteInfo = ARMoveAndMatch;
		};
/* End PBXContainerItemProxy section */

/* Begin PBXFileReference section */
		189A796D26BA837500FBB788 /* ARMoveAndMatch.app */ = {isa = PBXFileReference; explicitFileType = wrapper.application; includeInIndex = 0; path = ARMoveAndMatch.app; sourceTree = BUILT_PRODUCTS_DIR; };
		189A797026BA837500FBB788 /* AppDelegate.swift */ = {isa = PBXFileReference; lastKnownFileType = sourcecode.swift; path = AppDelegate.swift; sourceTree = "<group>"; };
		189A797226BA837500FBB788 /* ViewController.swift */ = {isa = PBXFileReference; lastKnownFileType = sourcecode.swift; path = ViewController.swift; sourceTree = "<group>"; };
		189A797726BA837500FBB788 /* Base */ = {isa = PBXFileReference; lastKnownFileType = file.storyboard; name = Base; path = Base.lproj/Main.storyboard; sourceTree = "<group>"; };
		189A797926BA837700FBB788 /* Assets.xcassets */ = {isa = PBXFileReference; lastKnownFileType = folder.assetcatalog; path = Assets.xcassets; sourceTree = "<group>"; };
		189A797C26BA837700FBB788 /* Base */ = {isa = PBXFileReference; lastKnownFileType = file.storyboard; name = Base; path = Base.lproj/LaunchScreen.storyboard; sourceTree = "<group>"; };
		189A798226BA837700FBB788 /* ARMoveAndMatchTests.xctest */ = {isa = PBXFileReference; explicitFileType = wrapper.cfbundle; includeInIndex = 0; path = ARMoveAndMatchTests.xctest; sourceTree = BUILT_PRODUCTS_DIR; };
		189A798626BA837700FBB788 /* ARMoveAndMatchTests.swift */ = {isa = PBXFileReference; lastKnownFileType = sourcecode.swift; path = ARMoveAndMatchTests.swift; sourceTree = "<group>"; };
		189A798C26BA837700FBB788 /* ARMoveAndMatchUITests.xctest */ = {isa = PBXFileReference; explicitFileType = wrapper.cfbundle; includeInIndex = 0; path = ARMoveAndMatchUITests.xctest; sourceTree = BUILT_PRODUCTS_DIR; };
		189A799026BA837700FBB788 /* ARMoveAndMatchUITests.swift */ = {isa = PBXFileReference; lastKnownFileType = sourcecode.swift; path = ARMoveAndMatchUITests.swift; sourceTree = "<group>"; };
		189A799D26BA85BF00FBB788 /* Experience.rcproject */ = {isa = PBXFileReference; lastKnownFileType = file.rcproject; path = Experience.rcproject; sourceTree = "<group>"; };
		189A79A026BA865F00FBB788 /* Utilities.swift */ = {isa = PBXFileReference; fileEncoding = 4; lastKnownFileType = sourcecode.swift; path = Utilities.swift; sourceTree = "<group>"; };
		189A79A126BA865F00FBB788 /* FocusSquare+FocusSquareSegment.swift */ = {isa = PBXFileReference; fileEncoding = 4; lastKnownFileType = sourcecode.swift; path = "FocusSquare+FocusSquareSegment.swift"; sourceTree = "<group>"; };
		189A79A226BA865F00FBB788 /* FocusSquare Readme.md */ = {isa = PBXFileReference; fileEncoding = 4; lastKnownFileType = net.daringfireball.markdown; path = "FocusSquare Readme.md"; sourceTree = "<group>"; };
		189A79A426BA865F00FBB788 /* FocusSquare.swift */ = {isa = PBXFileReference; fileEncoding = 4; lastKnownFileType = sourcecode.swift; path = FocusSquare.swift; sourceTree = "<group>"; };
/* End PBXFileReference section */

/* Begin PBXFrameworksBuildPhase section */
		189A796A26BA837500FBB788 /* Frameworks */ = {
			isa = PBXFrameworksBuildPhase;
			buildActionMask = 2147483647;
			files = (
			);
			runOnlyForDeploymentPostprocessing = 0;
		};
		189A797F26BA837700FBB788 /* Frameworks */ = {
			isa = PBXFrameworksBuildPhase;
			buildActionMask = 2147483647;
			files = (
			);
			runOnlyForDeploymentPostprocessing = 0;
		};
		189A798926BA837700FBB788 /* Frameworks */ = {
			isa = PBXFrameworksBuildPhase;
			buildActionMask = 2147483647;
			files = (
			);
			runOnlyForDeploymentPostprocessing = 0;
		};
/* End PBXFrameworksBuildPhase section */

/* Begin PBXGroup section */
		189A796426BA837500FBB788 = {
			isa = PBXGroup;
			children = (
				189A796F26BA837500FBB788 /* ARMoveAndMatch */,
				189A798526BA837700FBB788 /* ARMoveAndMatchTests */,
				189A798F26BA837700FBB788 /* ARMoveAndMatchUITests */,
				189A796E26BA837500FBB788 /* Products */,
			);
			sourceTree = "<group>";
		};
		189A796E26BA837500FBB788 /* Products */ = {
			isa = PBXGroup;
			children = (
				189A796D26BA837500FBB788 /* ARMoveAndMatch.app */,
				189A798226BA837700FBB788 /* ARMoveAndMatchTests.xctest */,
				189A798C26BA837700FBB788 /* ARMoveAndMatchUITests.xctest */,
			);
			name = Products;
			sourceTree = "<group>";
		};
		189A796F26BA837500FBB788 /* ARMoveAndMatch */ = {
			isa = PBXGroup;
			children = (
				189A797026BA837500FBB788 /* AppDelegate.swift */,
				189A797226BA837500FBB788 /* ViewController.swift */,
				189A799D26BA85BF00FBB788 /* Experience.rcproject */,
				189A797626BA837500FBB788 /* Main.storyboard */,
				189A799F26BA865F00FBB788 /* AR CoachingView */,
				189A797926BA837700FBB788 /* Assets.xcassets */,
				189A797B26BA837700FBB788 /* LaunchScreen.storyboard */,
			);
			path = ARMoveAndMatch;
			sourceTree = "<group>";
		};
		189A798526BA837700FBB788 /* ARMoveAndMatchTests */ = {
			isa = PBXGroup;
			children = (
				189A798626BA837700FBB788 /* ARMoveAndMatchTests.swift */,
			);
			path = ARMoveAndMatchTests;
			sourceTree = "<group>";
		};
		189A798F26BA837700FBB788 /* ARMoveAndMatchUITests */ = {
			isa = PBXGroup;
			children = (
				189A799026BA837700FBB788 /* ARMoveAndMatchUITests.swift */,
			);
			path = ARMoveAndMatchUITests;
			sourceTree = "<group>";
		};
		189A799F26BA865F00FBB788 /* AR CoachingView */ = {
			isa = PBXGroup;
			children = (
				189A79A226BA865F00FBB788 /* FocusSquare Readme.md */,
				189A79A426BA865F00FBB788 /* FocusSquare.swift */,
				189A79A126BA865F00FBB788 /* FocusSquare+FocusSquareSegment.swift */,
				189A79A026BA865F00FBB788 /* Utilities.swift */,
			);
			path = "AR CoachingView";
			sourceTree = "<group>";
		};
/* End PBXGroup section */

/* Begin PBXNativeTarget section */
		189A796C26BA837500FBB788 /* ARMoveAndMatch */ = {
			isa = PBXNativeTarget;
			buildConfigurationList = 189A799426BA837700FBB788 /* Build configuration list for PBXNativeTarget "ARMoveAndMatch" */;
			buildPhases = (
				189A796926BA837500FBB788 /* Sources */,
				189A796A26BA837500FBB788 /* Frameworks */,
				189A796B26BA837500FBB788 /* Resources */,
			);
			buildRules = (
			);
			dependencies = (
			);
			name = ARMoveAndMatch;
			productName = ARMoveAndMatch;
			productReference = 189A796D26BA837500FBB788 /* ARMoveAndMatch.app */;
			productType = "com.apple.product-type.application";
		};
		189A798126BA837700FBB788 /* ARMoveAndMatchTests */ = {
			isa = PBXNativeTarget;
			buildConfigurationList = 189A799726BA837700FBB788 /* Build configuration list for PBXNativeTarget "ARMoveAndMatchTests" */;
			buildPhases = (
				189A797E26BA837700FBB788 /* Sources */,
				189A797F26BA837700FBB788 /* Frameworks */,
				189A798026BA837700FBB788 /* Resources */,
			);
			buildRules = (
			);
			dependencies = (
				189A798426BA837700FBB788 /* PBXTargetDependency */,
			);
			name = ARMoveAndMatchTests;
			productName = ARMoveAndMatchTests;
			productReference = 189A798226BA837700FBB788 /* ARMoveAndMatchTests.xctest */;
			productType = "com.apple.product-type.bundle.unit-test";
		};
		189A798B26BA837700FBB788 /* ARMoveAndMatchUITests */ = {
			isa = PBXNativeTarget;
			buildConfigurationList = 189A799A26BA837700FBB788 /* Build configuration list for PBXNativeTarget "ARMoveAndMatchUITests" */;
			buildPhases = (
				189A798826BA837700FBB788 /* Sources */,
				189A798926BA837700FBB788 /* Frameworks */,
				189A798A26BA837700FBB788 /* Resources */,
			);
			buildRules = (
			);
			dependencies = (
				189A798E26BA837700FBB788 /* PBXTargetDependency */,
			);
			name = ARMoveAndMatchUITests;
			productName = ARMoveAndMatchUITests;
			productReference = 189A798C26BA837700FBB788 /* ARMoveAndMatchUITests.xctest */;
			productType = "com.apple.product-type.bundle.ui-testing";
		};
/* End PBXNativeTarget section */

/* Begin PBXProject section */
		189A796526BA837500FBB788 /* Project object */ = {
			isa = PBXProject;
			attributes = {
				BuildIndependentTargetsInParallel = 1;
				LastSwiftUpdateCheck = 1300;
				LastUpgradeCheck = 1300;
				TargetAttributes = {
					189A796C26BA837500FBB788 = {
						CreatedOnToolsVersion = 13.0;
					};
					189A798126BA837700FBB788 = {
						CreatedOnToolsVersion = 13.0;
						TestTargetID = 189A796C26BA837500FBB788;
					};
					189A798B26BA837700FBB788 = {
						CreatedOnToolsVersion = 13.0;
						TestTargetID = 189A796C26BA837500FBB788;
					};
				};
			};
			buildConfigurationList = 189A796826BA837500FBB788 /* Build configuration list for PBXProject "ARMoveAndMatch" */;
			compatibilityVersion = "Xcode 13.0";
			developmentRegion = en;
			hasScannedForEncodings = 0;
			knownRegions = (
				en,
				Base,
			);
			mainGroup = 189A796426BA837500FBB788;
			productRefGroup = 189A796E26BA837500FBB788 /* Products */;
			projectDirPath = "";
			projectRoot = "";
			targets = (
				189A796C26BA837500FBB788 /* ARMoveAndMatch */,
				189A798126BA837700FBB788 /* ARMoveAndMatchTests */,
				189A798B26BA837700FBB788 /* ARMoveAndMatchUITests */,
			);
		};
/* End PBXProject section */

/* Begin PBXResourcesBuildPhase section */
		189A796B26BA837500FBB788 /* Resources */ = {
			isa = PBXResourcesBuildPhase;
			buildActionMask = 2147483647;
			files = (
				189A797D26BA837700FBB788 /* LaunchScreen.storyboard in Resources */,
				189A797A26BA837700FBB788 /* Assets.xcassets in Resources */,
				189A797826BA837500FBB788 /* Main.storyboard in Resources */,
				189A79A726BA865F00FBB788 /* FocusSquare Readme.md in Resources */,
			);
			runOnlyForDeploymentPostprocessing = 0;
		};
		189A798026BA837700FBB788 /* Resources */ = {
			isa = PBXResourcesBuildPhase;
			buildActionMask = 2147483647;
			files = (
			);
			runOnlyForDeploymentPostprocessing = 0;
		};
		189A798A26BA837700FBB788 /* Resources */ = {
			isa = PBXResourcesBuildPhase;
			buildActionMask = 2147483647;
			files = (
			);
			runOnlyForDeploymentPostprocessing = 0;
		};
/* End PBXResourcesBuildPhase section */

/* Begin PBXSourcesBuildPhase section */
		189A796926BA837500FBB788 /* Sources */ = {
			isa = PBXSourcesBuildPhase;
			buildActionMask = 2147483647;
			files = (
				189A79A626BA865F00FBB788 /* FocusSquare+FocusSquareSegment.swift in Sources */,
				189A79A926BA865F00FBB788 /* FocusSquare.swift in Sources */,
				189A797326BA837500FBB788 /* ViewController.swift in Sources */,
				189A797126BA837500FBB788 /* AppDelegate.swift in Sources */,
				189A79A526BA865F00FBB788 /* Utilities.swift in Sources */,
				189A799E26BA85BF00FBB788 /* Experience.rcproject in Sources */,
			);
			runOnlyForDeploymentPostprocessing = 0;
		};
		189A797E26BA837700FBB788 /* Sources */ = {
			isa = PBXSourcesBuildPhase;
			buildActionMask = 2147483647;
			files = (
				189A798726BA837700FBB788 /* ARMoveAndMatchTests.swift in Sources */,
			);
			runOnlyForDeploymentPostprocessing = 0;
		};
		189A798826BA837700FBB788 /* Sources */ = {
			isa = PBXSourcesBuildPhase;
			buildActionMask = 2147483647;
			files = (
				189A799126BA837700FBB788 /* ARMoveAndMatchUITests.swift in Sources */,
			);
			runOnlyForDeploymentPostprocessing = 0;
		};
/* End PBXSourcesBuildPhase section */

/* Begin PBXTargetDependency section */
		189A798426BA837700FBB788 /* PBXTargetDependency */ = {
			isa = PBXTargetDependency;
			target = 189A796C26BA837500FBB788 /* ARMoveAndMatch */;
			targetProxy = 189A798326BA837700FBB788 /* PBXContainerItemProxy */;
		};
		189A798E26BA837700FBB788 /* PBXTargetDependency */ = {
			isa = PBXTargetDependency;
			target = 189A796C26BA837500FBB788 /* ARMoveAndMatch */;
			targetProxy = 189A798D26BA837700FBB788 /* PBXContainerItemProxy */;
		};
/* End PBXTargetDependency section */

/* Begin PBXVariantGroup section */
		189A797626BA837500FBB788 /* Main.storyboard */ = {
			isa = PBXVariantGroup;
			children = (
				189A797726BA837500FBB788 /* Base */,
			);
			name = Main.storyboard;
			sourceTree = "<group>";
		};
		189A797B26BA837700FBB788 /* LaunchScreen.storyboard */ = {
			isa = PBXVariantGroup;
			children = (
				189A797C26BA837700FBB788 /* Base */,
			);
			name = LaunchScreen.storyboard;
			sourceTree = "<group>";
		};
/* End PBXVariantGroup section */

/* Begin XCBuildConfiguration section */
		189A799226BA837700FBB788 /* Debug */ = {
			isa = XCBuildConfiguration;
			buildSettings = {
				ALWAYS_SEARCH_USER_PATHS = NO;
				CLANG_ANALYZER_NONNULL = YES;
				CLANG_ANALYZER_NUMBER_OBJECT_CONVERSION = YES_AGGRESSIVE;
				CLANG_CXX_LANGUAGE_STANDARD = "gnu++14";
				CLANG_CXX_LIBRARY = "libc++";
				CLANG_ENABLE_MODULES = YES;
				CLANG_ENABLE_OBJC_ARC = YES;
				CLANG_ENABLE_OBJC_WEAK = YES;
				CLANG_WARN_BLOCK_CAPTURE_AUTORELEASING = YES;
				CLANG_WARN_BOOL_CONVERSION = YES;
				CLANG_WARN_COMMA = YES;
				CLANG_WARN_CONSTANT_CONVERSION = YES;
				CLANG_WARN_DEPRECATED_OBJC_IMPLEMENTATIONS = YES;
				CLANG_WARN_DIRECT_OBJC_ISA_USAGE = YES_ERROR;
				CLANG_WARN_DOCUMENTATION_COMMENTS = YES;
				CLANG_WARN_EMPTY_BODY = YES;
				CLANG_WARN_ENUM_CONVERSION = YES;
				CLANG_WARN_INFINITE_RECURSION = YES;
				CLANG_WARN_INT_CONVERSION = YES;
				CLANG_WARN_NON_LITERAL_NULL_CONVERSION = YES;
				CLANG_WARN_OBJC_IMPLICIT_RETAIN_SELF = YES;
				CLANG_WARN_OBJC_LITERAL_CONVERSION = YES;
				CLANG_WARN_OBJC_ROOT_CLASS = YES_ERROR;
				CLANG_WARN_QUOTED_INCLUDE_IN_FRAMEWORK_HEADER = YES;
				CLANG_WARN_RANGE_LOOP_ANALYSIS = YES;
				CLANG_WARN_STRICT_PROTOTYPES = YES;
				CLANG_WARN_SUSPICIOUS_MOVE = YES;
				CLANG_WARN_UNGUARDED_AVAILABILITY = YES_AGGRESSIVE;
				CLANG_WARN_UNREACHABLE_CODE = YES;
				CLANG_WARN__DUPLICATE_METHOD_MATCH = YES;
				COPY_PHASE_STRIP = NO;
				DEBUG_INFORMATION_FORMAT = dwarf;
				ENABLE_STRICT_OBJC_MSGSEND = YES;
				ENABLE_TESTABILITY = YES;
				GCC_C_LANGUAGE_STANDARD = gnu11;
				GCC_DYNAMIC_NO_PIC = NO;
				GCC_NO_COMMON_BLOCKS = YES;
				GCC_OPTIMIZATION_LEVEL = 0;
				GCC_PREPROCESSOR_DEFINITIONS = (
					"DEBUG=1",
					"$(inherited)",
				);
				GCC_WARN_64_TO_32_BIT_CONVERSION = YES;
				GCC_WARN_ABOUT_RETURN_TYPE = YES_ERROR;
				GCC_WARN_UNDECLARED_SELECTOR = YES;
				GCC_WARN_UNINITIALIZED_AUTOS = YES_AGGRESSIVE;
				GCC_WARN_UNUSED_FUNCTION = YES;
				GCC_WARN_UNUSED_VARIABLE = YES;
				IPHONEOS_DEPLOYMENT_TARGET = 15.0;
				MTL_ENABLE_DEBUG_INFO = INCLUDE_SOURCE;
				MTL_FAST_MATH = YES;
				ONLY_ACTIVE_ARCH = YES;
				SDKROOT = iphoneos;
				SWIFT_ACTIVE_COMPILATION_CONDITIONS = DEBUG;
				SWIFT_OPTIMIZATION_LEVEL = "-Onone";
			};
			name = Debug;
		};
		189A799326BA837700FBB788 /* Release */ = {
			isa = XCBuildConfiguration;
			buildSettings = {
				ALWAYS_SEARCH_USER_PATHS = NO;
				CLANG_ANALYZER_NONNULL = YES;
				CLANG_ANALYZER_NUMBER_OBJECT_CONVERSION = YES_AGGRESSIVE;
				CLANG_CXX_LANGUAGE_STANDARD = "gnu++14";
				CLANG_CXX_LIBRARY = "libc++";
				CLANG_ENABLE_MODULES = YES;
				CLANG_ENABLE_OBJC_ARC = YES;
				CLANG_ENABLE_OBJC_WEAK = YES;
				CLANG_WARN_BLOCK_CAPTURE_AUTORELEASING = YES;
				CLANG_WARN_BOOL_CONVERSION = YES;
				CLANG_WARN_COMMA = YES;
				CLANG_WARN_CONSTANT_CONVERSION = YES;
				CLANG_WARN_DEPRECATED_OBJC_IMPLEMENTATIONS = YES;
				CLANG_WARN_DIRECT_OBJC_ISA_USAGE = YES_ERROR;
				CLANG_WARN_DOCUMENTATION_COMMENTS = YES;
				CLANG_WARN_EMPTY_BODY = YES;
				CLANG_WARN_ENUM_CONVERSION = YES;
				CLANG_WARN_INFINITE_RECURSION = YES;
				CLANG_WARN_INT_CONVERSION = YES;
				CLANG_WARN_NON_LITERAL_NULL_CONVERSION = YES;
				CLANG_WARN_OBJC_IMPLICIT_RETAIN_SELF = YES;
				CLANG_WARN_OBJC_LITERAL_CONVERSION = YES;
				CLANG_WARN_OBJC_ROOT_CLASS = YES_ERROR;
				CLANG_WARN_QUOTED_INCLUDE_IN_FRAMEWORK_HEADER = YES;
				CLANG_WARN_RANGE_LOOP_ANALYSIS = YES;
				CLANG_WARN_STRICT_PROTOTYPES = YES;
				CLANG_WARN_SUSPICIOUS_MOVE = YES;
				CLANG_WARN_UNGUARDED_AVAILABILITY = YES_AGGRESSIVE;
				CLANG_WARN_UNREACHABLE_CODE = YES;
				CLANG_WARN__DUPLICATE_METHOD_MATCH = YES;
				COPY_PHASE_STRIP = NO;
				DEBUG_INFORMATION_FORMAT = "dwarf-with-dsym";
				ENABLE_NS_ASSERTIONS = NO;
				ENABLE_STRICT_OBJC_MSGSEND = YES;
				GCC_C_LANGUAGE_STANDARD = gnu11;
				GCC_NO_COMMON_BLOCKS = YES;
				GCC_WARN_64_TO_32_BIT_CONVERSION = YES;
				GCC_WARN_ABOUT_RETURN_TYPE = YES_ERROR;
				GCC_WARN_UNDECLARED_SELECTOR = YES;
				GCC_WARN_UNINITIALIZED_AUTOS = YES_AGGRESSIVE;
				GCC_WARN_UNUSED_FUNCTION = YES;
				GCC_WARN_UNUSED_VARIABLE = YES;
				IPHONEOS_DEPLOYMENT_TARGET = 15.0;
				MTL_ENABLE_DEBUG_INFO = NO;
				MTL_FAST_MATH = YES;
				SDKROOT = iphoneos;
				SWIFT_COMPILATION_MODE = wholemodule;
				SWIFT_OPTIMIZATION_LEVEL = "-O";
				VALIDATE_PRODUCT = YES;
			};
			name = Release;
		};
		189A799526BA837700FBB788 /* Debug */ = {
			isa = XCBuildConfiguration;
			buildSettings = {
				ASSETCATALOG_COMPILER_APPICON_NAME = AppIcon;
				ASSETCATALOG_COMPILER_GLOBAL_ACCENT_COLOR_NAME = AccentColor;
				CODE_SIGN_STYLE = Automatic;
				CURRENT_PROJECT_VERSION = 1;
				DEVELOPMENT_TEAM = 4Q332864D3;
				GENERATE_INFOPLIST_FILE = YES;
				INFOPLIST_KEY_NSCameraUsageDescription = "";
				INFOPLIST_KEY_UIApplicationSupportsIndirectInputEvents = YES;
				INFOPLIST_KEY_UILaunchStoryboardName = LaunchScreen;
				INFOPLIST_KEY_UIMainStoryboardFile = Main;
				INFOPLIST_KEY_UIRequiredDeviceCapabilities = arkit;
				INFOPLIST_KEY_UIStatusBarHidden = YES;
				INFOPLIST_KEY_UISupportedInterfaceOrientations_iPad = "UIInterfaceOrientationPortrait UIInterfaceOrientationPortraitUpsideDown UIInterfaceOrientationLandscapeLeft UIInterfaceOrientationLandscapeRight";
				INFOPLIST_KEY_UISupportedInterfaceOrientations_iPhone = "UIInterfaceOrientationPortrait UIInterfaceOrientationLandscapeLeft UIInterfaceOrientationLandscapeRight";
				LD_RUNPATH_SEARCH_PATHS = (
					"$(inherited)",
					"@executable_path/Frameworks",
				);
				MARKETING_VERSION = 1.0;
				PRODUCT_BUNDLE_IDENTIFIER = com.ImpulseCoupledDevelopment.ARMoveAndMatch;
				PRODUCT_NAME = "$(TARGET_NAME)";
				SWIFT_EMIT_LOC_STRINGS = YES;
				SWIFT_VERSION = 5.0;
				TARGETED_DEVICE_FAMILY = "1,2";
			};
			name = Debug;
		};
		189A799626BA837700FBB788 /* Release */ = {
			isa = XCBuildConfiguration;
			buildSettings = {
				ASSETCATALOG_COMPILER_APPICON_NAME = AppIcon;
				ASSETCATALOG_COMPILER_GLOBAL_ACCENT_COLOR_NAME = AccentColor;
				CODE_SIGN_STYLE = Automatic;
				CURRENT_PROJECT_VERSION = 1;
				DEVELOPMENT_TEAM = 4Q332864D3;
				GENERATE_INFOPLIST_FILE = YES;
				INFOPLIST_KEY_NSCameraUsageDescription = "";
				INFOPLIST_KEY_UIApplicationSupportsIndirectInputEvents = YES;
				INFOPLIST_KEY_UILaunchStoryboardName = LaunchScreen;
				INFOPLIST_KEY_UIMainStoryboardFile = Main;
				INFOPLIST_KEY_UIRequiredDeviceCapabilities = arkit;
				INFOPLIST_KEY_UIStatusBarHidden = YES;
				INFOPLIST_KEY_UISupportedInterfaceOrientations_iPad = "UIInterfaceOrientationPortrait UIInterfaceOrientationPortraitUpsideDown UIInterfaceOrientationLandscapeLeft UIInterfaceOrientationLandscapeRight";
				INFOPLIST_KEY_UISupportedInterfaceOrientations_iPhone = "UIInterfaceOrientationPortrait UIInterfaceOrientationLandscapeLeft UIInterfaceOrientationLandscapeRight";
				LD_RUNPATH_SEARCH_PATHS = (
					"$(inherited)",
					"@executable_path/Frameworks",
				);
				MARKETING_VERSION = 1.0;
				PRODUCT_BUNDLE_IDENTIFIER = com.ImpulseCoupledDevelopment.ARMoveAndMatch;
				PRODUCT_NAME = "$(TARGET_NAME)";
				SWIFT_EMIT_LOC_STRINGS = YES;
				SWIFT_VERSION = 5.0;
				TARGETED_DEVICE_FAMILY = "1,2";
			};
			name = Release;
		};
		189A799826BA837700FBB788 /* Debug */ = {
			isa = XCBuildConfiguration;
			buildSettings = {
				ALWAYS_EMBED_SWIFT_STANDARD_LIBRARIES = YES;
				BUNDLE_LOADER = "$(TEST_HOST)";
				CODE_SIGN_STYLE = Automatic;
				CURRENT_PROJECT_VERSION = 1;
				DEVELOPMENT_TEAM = 4Q332864D3;
				GENERATE_INFOPLIST_FILE = YES;
				IPHONEOS_DEPLOYMENT_TARGET = 15.0;
				LD_RUNPATH_SEARCH_PATHS = (
					"$(inherited)",
					"@executable_path/Frameworks",
					"@loader_path/Frameworks",
				);
				MARKETING_VERSION = 1.0;
				PRODUCT_BUNDLE_IDENTIFIER = com.ImpulseCoupledDevelopment.ARMoveAndMatchTests;
				PRODUCT_NAME = "$(TARGET_NAME)";
				SWIFT_EMIT_LOC_STRINGS = NO;
				SWIFT_VERSION = 5.0;
				TARGETED_DEVICE_FAMILY = "1,2";
				TEST_HOST = "$(BUILT_PRODUCTS_DIR)/ARMoveAndMatch.app/ARMoveAndMatch";
			};
			name = Debug;
		};
		189A799926BA837700FBB788 /* Release */ = {
			isa = XCBuildConfiguration;
			buildSettings = {
				ALWAYS_EMBED_SWIFT_STANDARD_LIBRARIES = YES;
				BUNDLE_LOADER = "$(TEST_HOST)";
				CODE_SIGN_STYLE = Automatic;
				CURRENT_PROJECT_VERSION = 1;
				DEVELOPMENT_TEAM = 4Q332864D3;
				GENERATE_INFOPLIST_FILE = YES;
				IPHONEOS_DEPLOYMENT_TARGET = 15.0;
				LD_RUNPATH_SEARCH_PATHS = (
					"$(inherited)",
					"@executable_path/Frameworks",
					"@loader_path/Frameworks",
				);
				MARKETING_VERSION = 1.0;
				PRODUCT_BUNDLE_IDENTIFIER = com.ImpulseCoupledDevelopment.ARMoveAndMatchTests;
				PRODUCT_NAME = "$(TARGET_NAME)";
				SWIFT_EMIT_LOC_STRINGS = NO;
				SWIFT_VERSION = 5.0;
				TARGETED_DEVICE_FAMILY = "1,2";
				TEST_HOST = "$(BUILT_PRODUCTS_DIR)/ARMoveAndMatch.app/ARMoveAndMatch";
			};
			name = Release;
		};
		189A799B26BA837700FBB788 /* Debug */ = {
			isa = XCBuildConfiguration;
			buildSettings = {
				ALWAYS_EMBED_SWIFT_STANDARD_LIBRARIES = YES;
				CODE_SIGN_STYLE = Automatic;
				CURRENT_PROJECT_VERSION = 1;
				DEVELOPMENT_TEAM = 4Q332864D3;
				GENERATE_INFOPLIST_FILE = YES;
				LD_RUNPATH_SEARCH_PATHS = (
					"$(inherited)",
					"@executable_path/Frameworks",
					"@loader_path/Frameworks",
				);
				MARKETING_VERSION = 1.0;
				PRODUCT_BUNDLE_IDENTIFIER = com.ImpulseCoupledDevelopment.ARMoveAndMatchUITests;
				PRODUCT_NAME = "$(TARGET_NAME)";
				SWIFT_EMIT_LOC_STRINGS = NO;
				SWIFT_VERSION = 5.0;
				TARGETED_DEVICE_FAMILY = "1,2";
				TEST_TARGET_NAME = ARMoveAndMatch;
			};
			name = Debug;
		};
		189A799C26BA837700FBB788 /* Release */ = {
			isa = XCBuildConfiguration;
			buildSettings = {
				ALWAYS_EMBED_SWIFT_STANDARD_LIBRARIES = YES;
				CODE_SIGN_STYLE = Automatic;
				CURRENT_PROJECT_VERSION = 1;
				DEVELOPMENT_TEAM = 4Q332864D3;
				GENERATE_INFOPLIST_FILE = YES;
				LD_RUNPATH_SEARCH_PATHS = (
					"$(inherited)",
					"@executable_path/Frameworks",
					"@loader_path/Frameworks",
				);
				MARKETING_VERSION = 1.0;
				PRODUCT_BUNDLE_IDENTIFIER = com.ImpulseCoupledDevelopment.ARMoveAndMatchUITests;
				PRODUCT_NAME = "$(TARGET_NAME)";
				SWIFT_EMIT_LOC_STRINGS = NO;
				SWIFT_VERSION = 5.0;
				TARGETED_DEVICE_FAMILY = "1,2";
				TEST_TARGET_NAME = ARMoveAndMatch;
			};
			name = Release;
		};
/* End XCBuildConfiguration section */

/* Begin XCConfigurationList section */
		189A796826BA837500FBB788 /* Build configuration list for PBXProject "ARMoveAndMatch" */ = {
			isa = XCConfigurationList;
			buildConfigurations = (
				189A799226BA837700FBB788 /* Debug */,
				189A799326BA837700FBB788 /* Release */,
			);
			defaultConfigurationIsVisible = 0;
			defaultConfigurationName = Release;
		};
		189A799426BA837700FBB788 /* Build configuration list for PBXNativeTarget "ARMoveAndMatch" */ = {
			isa = XCConfigurationList;
			buildConfigurations = (
				189A799526BA837700FBB788 /* Debug */,
				189A799626BA837700FBB788 /* Release */,
			);
			defaultConfigurationIsVisible = 0;
			defaultConfigurationName = Release;
		};
		189A799726BA837700FBB788 /* Build configuration list for PBXNativeTarget "ARMoveAndMatchTests" */ = {
			isa = XCConfigurationList;
			buildConfigurations = (
				189A799826BA837700FBB788 /* Debug */,
				189A799926BA837700FBB788 /* Release */,
			);
			defaultConfigurationIsVisible = 0;
			defaultConfigurationName = Release;
		};
		189A799A26BA837700FBB788 /* Build configuration list for PBXNativeTarget "ARMoveAndMatchUITests" */ = {
			isa = XCConfigurationList;
			buildConfigurations = (
				189A799B26BA837700FBB788 /* Debug */,
				189A799C26BA837700FBB788 /* Release */,
			);
			defaultConfigurationIsVisible = 0;
			defaultConfigurationName = Release;
		};
/* End XCConfigurationList section */
	};
	rootObject = 189A796526BA837500FBB788 /* Project object */;
}
